
Microsoft Visual Studio Solution File, Format Version 10.00
# Visual Studio 2008
Project("{FAE04EC0-301F-11D3-BF4B-00C04F79EFBC}") = "Db4oFramework", "Db4oFramework\Db4oFramework.csproj", "{437C7627-FF29-45FD-BDAB-DA3F7D39FD57}"
EndProject
Project("{FAE04EC0-301F-11D3-BF4B-00C04F79EFBC}") = "Db4oFramework.Tests", "Db4oFramework.Tests\Db4oFramework.Tests.csproj", "{03C91AF1-18E3-4803-845B-ECE29005E9DB}"
EndProject
Global
	GlobalSection(SolutionConfigurationPlatforms) = preSolution
		Debug|Any CPU = Debug|Any CPU
		Release|Any CPU = Release|Any CPU
	EndGlobalSection
	GlobalSection(ProjectConfigurationPlatforms) = postSolution
		{437C7627-FF29-45FD-BDAB-DA3F7D39FD57}.Debug|Any CPU.ActiveCfg = Debug|Any CPU
		{437C7627-FF29-45FD-BDAB-DA3F7D39FD57}.Debug|Any CPU.Build.0 = Debug|Any CPU
		{437C7627-FF29-45FD-BDAB-DA3F7D39FD57}.Release|Any CPU.ActiveCfg = Release|Any CPU
		{437C7627-FF29-45FD-BDAB-DA3F7D39FD57}.Release|Any CPU.Build.0 = Release|Any CPU
		{03C91AF1-18E3-4803-845B-ECE29005E9DB}.Debug|Any CPU.ActiveCfg = Debug|Any CPU
		{03C91AF1-18E3-4803-845B-ECE29005E9DB}.Debug|Any CPU.Build.0 = Debug|Any CPU
		{03C91AF1-18E3-4803-845B-ECE29005E9DB}.Release|Any CPU.ActiveCfg = Release|Any CPU
		{03C91AF1-18E3-4803-845B-ECE29005E9DB}.Release|Any CPU.Build.0 = Release|Any CPU
	EndGlobalSection
	GlobalSection(SolutionProperties) = preSolution
		HideSolutionNode = FALSE
	EndGlobalSection
EndGlobal
